// !$*UTF8*$!
{
	archiveVersion = 1;
	classes = {
	};
	objectVersion = 56;
	objects = {

/* Begin PBXBuildFile section */
		0BFE1BA3F330BF138DC89CC4 /* Core/Routing.swift in Sources */ = {isa = PBXBuildFile; fileRef = 142254DBD4EBF3EFDAF85D76 /* Core/Routing.swift */; };
		0E31A2415F980EB6885B6D28 /* App/DeveloperScreen.swift in Sources */ = {isa = PBXBuildFile; fileRef = F2099ECD3668349E68798CB6 /* App/DeveloperScreen.swift */; };
		110762C3B56D6E442F3EFBC9 /* Core/Metrics.swift in Sources */ = {isa = PBXBuildFile; fileRef = B373EC9921D18CD131B0091A /* Core/Metrics.swift */; };
		187A16FC716E078175BC5D77 /* App/Services.swift in Sources */ = {isa = PBXBuildFile; fileRef = A1CEB9779696B8B55CAF560B /* App/Services.swift */; };
		19D14B7C8BB89C369358A5C2 /* App/Models/vidvipo_yolov8n_2023-05-19.mlmodelc in Resources */ = {isa = PBXBuildFile; fileRef = 3E1B86CF67FA40087822F5F0 /* App/Models/vidvipo_yolov8n_2023-05-19.mlmodelc */; };
		2372A6DF0434C6D82B1FBCDC /* Data/kokura-network.json in Resources */ = {isa = PBXBuildFile; fileRef = D82997A7C1D1C694133F5489 /* Data/kokura-network.json */; };
		28BB3F2A3C4D9F155D2E3AF0 /* App/PrivacyInfo.xcprivacy in Resources */ = {isa = PBXBuildFile; fileRef = CFE0EB6E4BB63A7D0998194B /* App/PrivacyInfo.xcprivacy */; };
		33EE9D839BD9CD3CEF25FA79 /* Core/DestinationConnection.swift in Sources */ = {isa = PBXBuildFile; fileRef = 06B2331FEF0B42A251DD8837 /* Core/DestinationConnection.swift */; };
		3880A3F2F3D1912D82DC3B3C /* App/Permissions.swift in Sources */ = {isa = PBXBuildFile; fileRef = 57E953400F275C12BEBF2839 /* App/Permissions.swift */; };
		4011368D911E6896E25762F1 /* App/ReportScreen.swift in Sources */ = {isa = PBXBuildFile; fileRef = B2A1EEC05A1EF4A60D79E2C7 /* App/ReportScreen.swift */; };
		41165D148FB5FE36F299B9C6 /* Core/Navigation.swift in Sources */ = {isa = PBXBuildFile; fileRef = 5954AC169D1BAA0530DEDFD0 /* Core/Navigation.swift */; };
		470EF47A75E074FF6E0C26E0 /* App/CameraGuidance.swift in Sources */ = {isa = PBXBuildFile; fileRef = D9F1F4FDE8799F517F0E2F65 /* App/CameraGuidance.swift */; };
		4E088DEC79490BEEDE81FD72 /* Core/DebugLog.swift in Sources */ = {isa = PBXBuildFile; fileRef = E2427E7EE58DD7BDB78FA176 /* Core/DebugLog.swift */; };
		5DAFAF2CE0C8B06AC6C4CCBA /* App/DestinationSearch.swift in Sources */ = {isa = PBXBuildFile; fileRef = 155FC7F1C7F59AF24CED8E2E /* App/DestinationSearch.swift */; };
		644E4E8EC55B66BB5AFE320A /* App/AppStore+Developer.swift in Sources */ = {isa = PBXBuildFile; fileRef = 3E3DE12BCB42006FE46FC34F /* App/AppStore+Developer.swift */; };
		6B7DD7AD8C72A3C282671B1F /* Core/SpeechQueue.swift in Sources */ = {isa = PBXBuildFile; fileRef = FDB2C10BFB70FF7FCE257929 /* Core/SpeechQueue.swift */; };
		715EECB8FF91CC89E4145515 /* App/JunctionGuideApp.swift in Sources */ = {isa = PBXBuildFile; fileRef = 26C2770C1B1D1E77ADB4CA28 /* App/JunctionGuideApp.swift */; };
		742D1F17B3996FAC8E34D97D /* App/MapView.swift in Sources */ = {isa = PBXBuildFile; fileRef = 8F418A2F1B1BF82BE68230CB /* App/MapView.swift */; };
		7C1E3E538CE09F9E48239A10 /* Core/Persistence.swift in Sources */ = {isa = PBXBuildFile; fileRef = 8FA31F35377D1509E0E5ADFF /* Core/Persistence.swift */; };
		8020195D9403084BF601D7DE /* App/Components.swift in Sources */ = {isa = PBXBuildFile; fileRef = E3785987ADB1574119C54188 /* App/Components.swift */; };
		8F69D2603037B23E80BB9FA3 /* Tests/UITests/SmokeTests.swift in Sources */ = {isa = PBXBuildFile; fileRef = 4DDE1B02B46FB05CF1955EC0 /* Tests/UITests/SmokeTests.swift */; };
		93791ED83B9056334DE4691F /* Core/Models.swift in Sources */ = {isa = PBXBuildFile; fileRef = 794CDC2D1145E96C6B308B68 /* Core/Models.swift */; };
		969D5C016C6F292CC34B47BC /* App/PlaceCard.swift in Sources */ = {isa = PBXBuildFile; fileRef = 6BAB3DBE4CB1FBA0B6CFFCA0 /* App/PlaceCard.swift */; };
		9702491B024768A407714070 /* App/NavigationScreen.swift in Sources */ = {isa = PBXBuildFile; fileRef = 75C829F351048230B82FDE96 /* App/NavigationScreen.swift */; };
		9FEF6A9EDD188A2138D217C6 /* App/DebugLogger.swift in Sources */ = {isa = PBXBuildFile; fileRef = BA1A8C74F8A72481F1B95F36 /* App/DebugLogger.swift */; };
		AA00ECBA5B18052C42225990 /* Data/tobata-network.json in Resources */ = {isa = PBXBuildFile; fileRef = 52DDE5A78C2998E9F2F1D8F9 /* Data/tobata-network.json */; };
		B4719EF01E9BB0C2DCF0065A /* App/AppFiles.swift in Sources */ = {isa = PBXBuildFile; fileRef = EBD18BC303619E1FEEE905C5 /* App/AppFiles.swift */; };
		BC3C48D176B62E961F1AD512 /* App/Assets.xcassets in Resources */ = {isa = PBXBuildFile; fileRef = E0C46FC9C6960273B8657C66 /* App/Assets.xcassets */; };
		C360E9EF0CDACF4BA778C0F1 /* App/Camera.swift in Sources */ = {isa = PBXBuildFile; fileRef = 86AEC3522CCD683B37F197DE /* App/Camera.swift */; };
		D0876DE8261DC3D7FDEB2D94 /* App/AppStore.swift in Sources */ = {isa = PBXBuildFile; fileRef = ECA5347A29DAE2C209743C75 /* App/AppStore.swift */; };
		DF0C5FD8D7D8CEDB28EE8A95 /* Core/Geometry.swift in Sources */ = {isa = PBXBuildFile; fileRef = 666788A228CDB14884ED6CEE /* Core/Geometry.swift */; };
		E76960EE5B499BC8DD2D425B /* App/SettingsScreen.swift in Sources */ = {isa = PBXBuildFile; fileRef = FD371119BBFC74F1418E89A9 /* App/SettingsScreen.swift */; };
		EBA1D8A55B3435BD7E97F3BE /* App/AppStore+Reports.swift in Sources */ = {isa = PBXBuildFile; fileRef = A2209511A2AAE2E648A30F65 /* App/AppStore+Reports.swift */; };
		F4B6C289A568ECC6C36271FD /* App/HomeScreen.swift in Sources */ = {isa = PBXBuildFile; fileRef = 7C9FF670116304972F741107 /* App/HomeScreen.swift */; };
		FD73F9FBB285665D799E7F80 /* Core/Detection.swift in Sources */ = {isa = PBXBuildFile; fileRef = 0609879BFD1085EF66342B91 /* Core/Detection.swift */; };
/* End PBXBuildFile section */

/* Begin PBXContainerItemProxy section */
		5538D6C94541880BC3B9A168 /* PBXContainerItemProxy */ = {
			isa = PBXContainerItemProxy;
			containerPortal = 98F54143AB4E86B28C3AFEE0 /* Project object */;
			proxyType = 1;
			remoteGlobalIDString = 0E8A3AD980EC179856012B7E;
			remoteInfo = JunctionGuide;
		};
/* End PBXContainerItemProxy section */

/* Begin PBXFileReference section */
		0609879BFD1085EF66342B91 /* Core/Detection.swift */ = {isa = PBXFileReference; lastKnownFileType = sourcecode.swift; path = Core/Detection.swift; sourceTree = SOURCE_ROOT; };
		06B2331FEF0B42A251DD8837 /* Core/DestinationConnection.swift */ = {isa = PBXFileReference; lastKnownFileType = sourcecode.swift; path = Core/DestinationConnection.swift; sourceTree = SOURCE_ROOT; };
		142254DBD4EBF3EFDAF85D76 /* Core/Routing.swift */ = {isa = PBXFileReference; lastKnownFileType = sourcecode.swift; path = Core/Routing.swift; sourceTree = SOURCE_ROOT; };
		155FC7F1C7F59AF24CED8E2E /* App/DestinationSearch.swift */ = {isa = PBXFileReference; lastKnownFileType = sourcecode.swift; path = App/DestinationSearch.swift; sourceTree = SOURCE_ROOT; };
		26C2770C1B1D1E77ADB4CA28 /* App/JunctionGuideApp.swift */ = {isa = PBXFileReference; lastKnownFileType = sourcecode.swift; path = App/JunctionGuideApp.swift; sourceTree = SOURCE_ROOT; };
		38A007151ABE87CC01A5B6E9 /* JunctionGuide.app */ = {isa = PBXFileReference; explicitFileType = wrapper.application; path = JunctionGuide.app; sourceTree = BUILT_PRODUCTS_DIR; };
		3E1B86CF67FA40087822F5F0 /* App/Models/vidvipo_yolov8n_2023-05-19.mlmodelc */ = {isa = PBXFileReference; lastKnownFileType = folder; path = "App/Models/vidvipo_yolov8n_2023-05-19.mlmodelc"; sourceTree = SOURCE_ROOT; };
		3E3DE12BCB42006FE46FC34F /* App/AppStore+Developer.swift */ = {isa = PBXFileReference; lastKnownFileType = sourcecode.swift; path = "App/AppStore+Developer.swift"; sourceTree = SOURCE_ROOT; };
		4DDE1B02B46FB05CF1955EC0 /* Tests/UITests/SmokeTests.swift */ = {isa = PBXFileReference; lastKnownFileType = sourcecode.swift; path = Tests/UITests/SmokeTests.swift; sourceTree = SOURCE_ROOT; };
		52DDE5A78C2998E9F2F1D8F9 /* Data/tobata-network.json */ = {isa = PBXFileReference; lastKnownFileType = text.json; path = "Data/tobata-network.json"; sourceTree = SOURCE_ROOT; };
		57E953400F275C12BEBF2839 /* App/Permissions.swift */ = {isa = PBXFileReference; lastKnownFileType = sourcecode.swift; path = App/Permissions.swift; sourceTree = SOURCE_ROOT; };
		5954AC169D1BAA0530DEDFD0 /* Core/Navigation.swift */ = {isa = PBXFileReference; lastKnownFileType = sourcecode.swift; path = Core/Navigation.swift; sourceTree = SOURCE_ROOT; };
		666788A228CDB14884ED6CEE /* Core/Geometry.swift */ = {isa = PBXFileReference; lastKnownFileType = sourcecode.swift; path = Core/Geometry.swift; sourceTree = SOURCE_ROOT; };
		6BAB3DBE4CB1FBA0B6CFFCA0 /* App/PlaceCard.swift */ = {isa = PBXFileReference; lastKnownFileType = sourcecode.swift; path = App/PlaceCard.swift; sourceTree = SOURCE_ROOT; };
		75C829F351048230B82FDE96 /* App/NavigationScreen.swift */ = {isa = PBXFileReference; lastKnownFileType = sourcecode.swift; path = App/NavigationScreen.swift; sourceTree = SOURCE_ROOT; };
		794CDC2D1145E96C6B308B68 /* Core/Models.swift */ = {isa = PBXFileReference; lastKnownFileType = sourcecode.swift; path = Core/Models.swift; sourceTree = SOURCE_ROOT; };
		7C9FF670116304972F741107 /* App/HomeScreen.swift */ = {isa = PBXFileReference; lastKnownFileType = sourcecode.swift; path = App/HomeScreen.swift; sourceTree = SOURCE_ROOT; };
		86AEC3522CCD683B37F197DE /* App/Camera.swift */ = {isa = PBXFileReference; lastKnownFileType = sourcecode.swift; path = App/Camera.swift; sourceTree = SOURCE_ROOT; };
		88CEAA489E5229503EE15E09 /* Config/Base.xcconfig */ = {isa = PBXFileReference; lastKnownFileType = text.xcconfig; path = Config/Base.xcconfig; sourceTree = SOURCE_ROOT; };
		8F418A2F1B1BF82BE68230CB /* App/MapView.swift */ = {isa = PBXFileReference; lastKnownFileType = sourcecode.swift; path = App/MapView.swift; sourceTree = SOURCE_ROOT; };
		8FA31F35377D1509E0E5ADFF /* Core/Persistence.swift */ = {isa = PBXFileReference; lastKnownFileType = sourcecode.swift; path = Core/Persistence.swift; sourceTree = SOURCE_ROOT; };
		9D3AD977850B7EAC0E4F6585 /* JunctionGuideUITests.xctest */ = {isa = PBXFileReference; explicitFileType = wrapper.cfbundle; path = JunctionGuideUITests.xctest; sourceTree = BUILT_PRODUCTS_DIR; };
		A1CEB9779696B8B55CAF560B /* App/Services.swift */ = {isa = PBXFileReference; lastKnownFileType = sourcecode.swift; path = App/Services.swift; sourceTree = SOURCE_ROOT; };
		A2209511A2AAE2E648A30F65 /* App/AppStore+Reports.swift */ = {isa = PBXFileReference; lastKnownFileType = sourcecode.swift; path = "App/AppStore+Reports.swift"; sourceTree = SOURCE_ROOT; };
		B2A1EEC05A1EF4A60D79E2C7 /* App/ReportScreen.swift */ = {isa = PBXFileReference; lastKnownFileType = sourcecode.swift; path = App/ReportScreen.swift; sourceTree = SOURCE_ROOT; };
		B373EC9921D18CD131B0091A /* Core/Metrics.swift */ = {isa = PBXFileReference; lastKnownFileType = sourcecode.swift; path = Core/Metrics.swift; sourceTree = SOURCE_ROOT; };
		BA1A8C74F8A72481F1B95F36 /* App/DebugLogger.swift */ = {isa = PBXFileReference; lastKnownFileType = sourcecode.swift; path = App/DebugLogger.swift; sourceTree = SOURCE_ROOT; };
		CFE0EB6E4BB63A7D0998194B /* App/PrivacyInfo.xcprivacy */ = {isa = PBXFileReference; lastKnownFileType = text.xml; path = App/PrivacyInfo.xcprivacy; sourceTree = SOURCE_ROOT; };
		D82997A7C1D1C694133F5489 /* Data/kokura-network.json */ = {isa = PBXFileReference; lastKnownFileType = text.json; path = "Data/kokura-network.json"; sourceTree = SOURCE_ROOT; };
		D9F1F4FDE8799F517F0E2F65 /* App/CameraGuidance.swift */ = {isa = PBXFileReference; lastKnownFileType = sourcecode.swift; path = App/CameraGuidance.swift; sourceTree = SOURCE_ROOT; };
		E0C46FC9C6960273B8657C66 /* App/Assets.xcassets */ = {isa = PBXFileReference; lastKnownFileType = folder.assetcatalog; path = App/Assets.xcassets; sourceTree = SOURCE_ROOT; };
		E2427E7EE58DD7BDB78FA176 /* Core/DebugLog.swift */ = {isa = PBXFileReference; lastKnownFileType = sourcecode.swift; path = Core/DebugLog.swift; sourceTree = SOURCE_ROOT; };
		E3785987ADB1574119C54188 /* App/Components.swift */ = {isa = PBXFileReference; lastKnownFileType = sourcecode.swift; path = App/Components.swift; sourceTree = SOURCE_ROOT; };
		EBD18BC303619E1FEEE905C5 /* App/AppFiles.swift */ = {isa = PBXFileReference; lastKnownFileType = sourcecode.swift; path = App/AppFiles.swift; sourceTree = SOURCE_ROOT; };
		ECA5347A29DAE2C209743C75 /* App/AppStore.swift */ = {isa = PBXFileReference; lastKnownFileType = sourcecode.swift; path = App/AppStore.swift; sourceTree = SOURCE_ROOT; };
		F2099ECD3668349E68798CB6 /* App/DeveloperScreen.swift */ = {isa = PBXFileReference; lastKnownFileType = sourcecode.swift; path = App/DeveloperScreen.swift; sourceTree = SOURCE_ROOT; };
		FD371119BBFC74F1418E89A9 /* App/SettingsScreen.swift */ = {isa = PBXFileReference; lastKnownFileType = sourcecode.swift; path = App/SettingsScreen.swift; sourceTree = SOURCE_ROOT; };
		FDB2C10BFB70FF7FCE257929 /* Core/SpeechQueue.swift */ = {isa = PBXFileReference; lastKnownFileType = sourcecode.swift; path = Core/SpeechQueue.swift; sourceTree = SOURCE_ROOT; };
/* End PBXFileReference section */

/* Begin PBXFrameworksBuildPhase section */
		7561BFB015D8F536760CB671 /* Frameworks */ = {
			isa = PBXFrameworksBuildPhase;
			buildActionMask = 2147483647;
			files = (
			);
			runOnlyForDeploymentPostprocessing = 0;
		};
/* End PBXFrameworksBuildPhase section */

/* Begin PBXGroup section */
		B28B7AF69320201D1CF206EB = {
			isa = PBXGroup;
			children = (
				EBD18BC303619E1FEEE905C5 /* App/AppFiles.swift */,
				3E3DE12BCB42006FE46FC34F /* App/AppStore+Developer.swift */,
				A2209511A2AAE2E648A30F65 /* App/AppStore+Reports.swift */,
				ECA5347A29DAE2C209743C75 /* App/AppStore.swift */,
				E0C46FC9C6960273B8657C66 /* App/Assets.xcassets */,
				86AEC3522CCD683B37F197DE /* App/Camera.swift */,
				D9F1F4FDE8799F517F0E2F65 /* App/CameraGuidance.swift */,
				E3785987ADB1574119C54188 /* App/Components.swift */,
				BA1A8C74F8A72481F1B95F36 /* App/DebugLogger.swift */,
				155FC7F1C7F59AF24CED8E2E /* App/DestinationSearch.swift */,
				F2099ECD3668349E68798CB6 /* App/DeveloperScreen.swift */,
				7C9FF670116304972F741107 /* App/HomeScreen.swift */,
				26C2770C1B1D1E77ADB4CA28 /* App/JunctionGuideApp.swift */,
				8F418A2F1B1BF82BE68230CB /* App/MapView.swift */,
				75C829F351048230B82FDE96 /* App/NavigationScreen.swift */,
				57E953400F275C12BEBF2839 /* App/Permissions.swift */,
				6BAB3DBE4CB1FBA0B6CFFCA0 /* App/PlaceCard.swift */,
				CFE0EB6E4BB63A7D0998194B /* App/PrivacyInfo.xcprivacy */,
				B2A1EEC05A1EF4A60D79E2C7 /* App/ReportScreen.swift */,
				A1CEB9779696B8B55CAF560B /* App/Services.swift */,
				FD371119BBFC74F1418E89A9 /* App/SettingsScreen.swift */,
				E2427E7EE58DD7BDB78FA176 /* Core/DebugLog.swift */,
				06B2331FEF0B42A251DD8837 /* Core/DestinationConnection.swift */,
				0609879BFD1085EF66342B91 /* Core/Detection.swift */,
				666788A228CDB14884ED6CEE /* Core/Geometry.swift */,
				B373EC9921D18CD131B0091A /* Core/Metrics.swift */,
				794CDC2D1145E96C6B308B68 /* Core/Models.swift */,
				5954AC169D1BAA0530DEDFD0 /* Core/Navigation.swift */,
				8FA31F35377D1509E0E5ADFF /* Core/Persistence.swift */,
				142254DBD4EBF3EFDAF85D76 /* Core/Routing.swift */,
				FDB2C10BFB70FF7FCE257929 /* Core/SpeechQueue.swift */,
				D82997A7C1D1C694133F5489 /* Data/kokura-network.json */,
				52DDE5A78C2998E9F2F1D8F9 /* Data/tobata-network.json */,
				3E1B86CF67FA40087822F5F0 /* App/Models/vidvipo_yolov8n_2023-05-19.mlmodelc */,
				88CEAA489E5229503EE15E09 /* Config/Base.xcconfig */,
				4DDE1B02B46FB05CF1955EC0 /* Tests/UITests/SmokeTests.swift */,
				FBDC4F23F93125BBEEAE800C /* Products */,
			);
			sourceTree = "<group>";
		};
		FBDC4F23F93125BBEEAE800C /* Products */ = {
			isa = PBXGroup;
			children = (
				38A007151ABE87CC01A5B6E9 /* JunctionGuide.app */,
				9D3AD977850B7EAC0E4F6585 /* JunctionGuideUITests.xctest */,
			);
			name = Products;
			sourceTree = "<group>";
		};
/* End PBXGroup section */

/* Begin PBXNativeTarget section */
		0E8A3AD980EC179856012B7E /* JunctionGuide */ = {
			isa = PBXNativeTarget;
			buildConfigurationList = F37922C48DA5978D02C9E50E /* Build configuration list for PBXNativeTarget "JunctionGuide" */;
			buildPhases = (
				BCE16DD0260827ECF338C787 /* Sources */,
				7561BFB015D8F536760CB671 /* Frameworks */,
				0189424A5A60FED329FA868E /* Resources */,
			);
			buildRules = (
			);
			dependencies = (
			);
			name = JunctionGuide;
			productName = JunctionGuide;
			productReference = 38A007151ABE87CC01A5B6E9 /* JunctionGuide.app */;
			productType = "com.apple.product-type.application";
		};
		D24B997AF00C71C20D86BE4D /* JunctionGuideUITests */ = {
			isa = PBXNativeTarget;
			buildConfigurationList = 3646145E0A90C6FF41610EFE /* Build configuration list for PBXNativeTarget "JunctionGuideUITests" */;
			buildPhases = (
				95FC400A54C228DD62344224 /* Sources */,
			);
			buildRules = (
			);
			dependencies = (
				B1FB45770585B0E6C098AB54 /* PBXTargetDependency */,
			);
			name = JunctionGuideUITests;
			productName = JunctionGuideUITests;
			productReference = 9D3AD977850B7EAC0E4F6585 /* JunctionGuideUITests.xctest */;
			productType = "com.apple.product-type.bundle.ui-testing";
		};
/* End PBXNativeTarget section */

/* Begin PBXProject section */
		98F54143AB4E86B28C3AFEE0 /* Project object */ = {
			isa = PBXProject;
			attributes = {
				LastUpgradeCheck = 2630;
				TargetAttributes = {
					D24B997AF00C71C20D86BE4D = {
						TestTargetID = 0E8A3AD980EC179856012B7E;
					};
				};
			};
			buildConfigurationList = 862894B703A6DEDF96A9DD6C /* Build configuration list for PBXProject "JunctionGuide" */;
			compatibilityVersion = "Xcode 14.0";
			developmentRegion = ja;
			hasScannedForEncodings = 0;
			knownRegions = (
				ja,
				en,
				Base,
			);
			mainGroup = B28B7AF69320201D1CF206EB;
			productRefGroup = FBDC4F23F93125BBEEAE800C /* Products */;
			projectDirPath = "";
			projectRoot = "";
			targets = (
				0E8A3AD980EC179856012B7E /* JunctionGuide */,
				D24B997AF00C71C20D86BE4D /* JunctionGuideUITests */,
			);
		};
/* End PBXProject section */

/* Begin PBXResourcesBuildPhase section */
		0189424A5A60FED329FA868E /* Resources */ = {
			isa = PBXResourcesBuildPhase;
			buildActionMask = 2147483647;
			files = (
				BC3C48D176B62E961F1AD512 /* App/Assets.xcassets in Resources */,
				28BB3F2A3C4D9F155D2E3AF0 /* App/PrivacyInfo.xcprivacy in Resources */,
				2372A6DF0434C6D82B1FBCDC /* Data/kokura-network.json in Resources */,
				AA00ECBA5B18052C42225990 /* Data/tobata-network.json in Resources */,
				19D14B7C8BB89C369358A5C2 /* App/Models/vidvipo_yolov8n_2023-05-19.mlmodelc in Resources */,
			);
			runOnlyForDeploymentPostprocessing = 0;
		};
/* End PBXResourcesBuildPhase section */

/* Begin PBXSourcesBuildPhase section */
		95FC400A54C228DD62344224 /* Sources */ = {
			isa = PBXSourcesBuildPhase;
			buildActionMask = 2147483647;
			files = (
				8F69D2603037B23E80BB9FA3 /* Tests/UITests/SmokeTests.swift in Sources */,
			);
			runOnlyForDeploymentPostprocessing = 0;
		};
		BCE16DD0260827ECF338C787 /* Sources */ = {
			isa = PBXSourcesBuildPhase;
			buildActionMask = 2147483647;
			files = (
				B4719EF01E9BB0C2DCF0065A /* App/AppFiles.swift in Sources */,
				644E4E8EC55B66BB5AFE320A /* App/AppStore+Developer.swift in Sources */,
				EBA1D8A55B3435BD7E97F3BE /* App/AppStore+Reports.swift in Sources */,
				D0876DE8261DC3D7FDEB2D94 /* App/AppStore.swift in Sources */,
				C360E9EF0CDACF4BA778C0F1 /* App/Camera.swift in Sources */,
				470EF47A75E074FF6E0C26E0 /* App/CameraGuidance.swift in Sources */,
				8020195D9403084BF601D7DE /* App/Components.swift in Sources */,
				9FEF6A9EDD188A2138D217C6 /* App/DebugLogger.swift in Sources */,
				5DAFAF2CE0C8B06AC6C4CCBA /* App/DestinationSearch.swift in Sources */,
				0E31A2415F980EB6885B6D28 /* App/DeveloperScreen.swift in Sources */,
				F4B6C289A568ECC6C36271FD /* App/HomeScreen.swift in Sources */,
				715EECB8FF91CC89E4145515 /* App/JunctionGuideApp.swift in Sources */,
				742D1F17B3996FAC8E34D97D /* App/MapView.swift in Sources */,
				9702491B024768A407714070 /* App/NavigationScreen.swift in Sources */,
				3880A3F2F3D1912D82DC3B3C /* App/Permissions.swift in Sources */,
				969D5C016C6F292CC34B47BC /* App/PlaceCard.swift in Sources */,
				4011368D911E6896E25762F1 /* App/ReportScreen.swift in Sources */,
				187A16FC716E078175BC5D77 /* App/Services.swift in Sources */,
				E76960EE5B499BC8DD2D425B /* App/SettingsScreen.swift in Sources */,
				4E088DEC79490BEEDE81FD72 /* Core/DebugLog.swift in Sources */,
				33EE9D839BD9CD3CEF25FA79 /* Core/DestinationConnection.swift in Sources */,
				FD73F9FBB285665D799E7F80 /* Core/Detection.swift in Sources */,
				DF0C5FD8D7D8CEDB28EE8A95 /* Core/Geometry.swift in Sources */,
				110762C3B56D6E442F3EFBC9 /* Core/Metrics.swift in Sources */,
				93791ED83B9056334DE4691F /* Core/Models.swift in Sources */,
				41165D148FB5FE36F299B9C6 /* Core/Navigation.swift in Sources */,
				7C1E3E538CE09F9E48239A10 /* Core/Persistence.swift in Sources */,
				0BFE1BA3F330BF138DC89CC4 /* Core/Routing.swift in Sources */,
				6B7DD7AD8C72A3C282671B1F /* Core/SpeechQueue.swift in Sources */,
			);
			runOnlyForDeploymentPostprocessing = 0;
		};
/* End PBXSourcesBuildPhase section */

/* Begin PBXTargetDependency section */
		B1FB45770585B0E6C098AB54 /* PBXTargetDependency */ = {
			isa = PBXTargetDependency;
			target = 0E8A3AD980EC179856012B7E /* JunctionGuide */;
			targetProxy = 5538D6C94541880BC3B9A168 /* PBXContainerItemProxy */;
		};
/* End PBXTargetDependency section */

/* Begin XCBuildConfiguration section */
		003254340176A76C2BC8F6D4 /* Release */ = {
			isa = XCBuildConfiguration;
			baseConfigurationReference = 88CEAA489E5229503EE15E09 /* Config/Base.xcconfig */;
			buildSettings = {
				CLANG_ENABLE_MODULES = YES;
				CODE_SIGN_STYLE = Automatic;
				DEBUG_INFORMATION_FORMAT = "dwarf-with-dsym";
				DEVELOPMENT_TEAM = "$(JG_TEAM)";
				GENERATE_INFOPLIST_FILE = YES;
				IPHONEOS_DEPLOYMENT_TARGET = 26.0;
				PRODUCT_BUNDLE_IDENTIFIER = "$(JG_BUNDLE_ID)UITests";
				PRODUCT_NAME = "$(TARGET_NAME)";
				SDKROOT = iphoneos;
				SWIFT_OPTIMIZATION_LEVEL = "-O";
				SWIFT_VERSION = 6.0;
				TARGETED_DEVICE_FAMILY = 1;
				TEST_TARGET_NAME = JunctionGuide;
			};
			name = Release;
		};
		59CE1A55E3C0DC7EDB1A684D /* Debug */ = {
			isa = XCBuildConfiguration;
			baseConfigurationReference = 88CEAA489E5229503EE15E09 /* Config/Base.xcconfig */;
			buildSettings = {
				CLANG_ENABLE_MODULES = YES;
				CODE_SIGN_STYLE = Automatic;
				DEBUG_INFORMATION_FORMAT = dwarf;
				DEVELOPMENT_TEAM = "$(JG_TEAM)";
				GENERATE_INFOPLIST_FILE = YES;
				IPHONEOS_DEPLOYMENT_TARGET = 26.0;
				PRODUCT_BUNDLE_IDENTIFIER = "$(JG_BUNDLE_ID)UITests";
				PRODUCT_NAME = "$(TARGET_NAME)";
				SDKROOT = iphoneos;
				SWIFT_ACTIVE_COMPILATION_CONDITIONS = DEBUG;
				SWIFT_OPTIMIZATION_LEVEL = "-Onone";
				SWIFT_VERSION = 6.0;
				TARGETED_DEVICE_FAMILY = 1;
				TEST_TARGET_NAME = JunctionGuide;
			};
			name = Debug;
		};
		5A8C91857F674E16E2724F47 /* Release */ = {
			isa = XCBuildConfiguration;
			baseConfigurationReference = 88CEAA489E5229503EE15E09 /* Config/Base.xcconfig */;
			buildSettings = {
				ASSETCATALOG_COMPILER_APPICON_NAME = AppIcon;
				CLANG_ENABLE_MODULES = YES;
				CODE_SIGN_STYLE = Automatic;
				DEBUG_INFORMATION_FORMAT = "dwarf-with-dsym";
				DEVELOPMENT_TEAM = G4Y7PBL695;
				GENERATE_INFOPLIST_FILE = NO;
				INFOPLIST_FILE = App/Info.plist;
				IPHONEOS_DEPLOYMENT_TARGET = 26.0;
				PRODUCT_BUNDLE_IDENTIFIER = "$(JG_BUNDLE_ID)";
				PRODUCT_NAME = "$(TARGET_NAME)";
				SDKROOT = iphoneos;
				SWIFT_EMIT_LOC_STRINGS = YES;
				SWIFT_OPTIMIZATION_LEVEL = "-O";
				SWIFT_VERSION = 6.0;
				TARGETED_DEVICE_FAMILY = 1;
			};
			name = Release;
		};
		89E1FD6268CC0F221A2BE178 /* Debug */ = {
			isa = XCBuildConfiguration;
			buildSettings = {
				CLANG_ENABLE_MODULES = YES;
				DEBUG_INFORMATION_FORMAT = dwarf;
				IPHONEOS_DEPLOYMENT_TARGET = 26.0;
				SDKROOT = iphoneos;
				SWIFT_ACTIVE_COMPILATION_CONDITIONS = DEBUG;
				SWIFT_OPTIMIZATION_LEVEL = "-Onone";
				SWIFT_VERSION = 6.0;
			};
			name = Debug;
		};
		E6DE6C99132752C914FEF632 /* Release */ = {
			isa = XCBuildConfiguration;
			buildSettings = {
				CLANG_ENABLE_MODULES = YES;
				DEBUG_INFORMATION_FORMAT = "dwarf-with-dsym";
				IPHONEOS_DEPLOYMENT_TARGET = 26.0;
				SDKROOT = iphoneos;
				SWIFT_OPTIMIZATION_LEVEL = "-O";
				SWIFT_VERSION = 6.0;
			};
			name = Release;
		};
		E9B2E96ABC5F6856F2BE79CF /* Debug */ = {
			isa = XCBuildConfiguration;
			baseConfigurationReference = 88CEAA489E5229503EE15E09 /* Config/Base.xcconfig */;
			buildSettings = {
				ASSETCATALOG_COMPILER_APPICON_NAME = AppIcon;
				CLANG_ENABLE_MODULES = YES;
				CODE_SIGN_STYLE = Automatic;
				DEBUG_INFORMATION_FORMAT = dwarf;
				DEVELOPMENT_TEAM = G4Y7PBL695;
				GENERATE_INFOPLIST_FILE = NO;
				INFOPLIST_FILE = App/Info.plist;
				IPHONEOS_DEPLOYMENT_TARGET = 26.0;
				PRODUCT_BUNDLE_IDENTIFIER = "$(JG_BUNDLE_ID)";
				PRODUCT_NAME = "$(TARGET_NAME)";
				SDKROOT = iphoneos;
				SWIFT_ACTIVE_COMPILATION_CONDITIONS = DEBUG;
				SWIFT_EMIT_LOC_STRINGS = YES;
				SWIFT_OPTIMIZATION_LEVEL = "-Onone";
				SWIFT_VERSION = 6.0;
				TARGETED_DEVICE_FAMILY = 1;
			};
			name = Debug;
		};
/* End XCBuildConfiguration section */

/* Begin XCConfigurationList section */
		3646145E0A90C6FF41610EFE /* Build configuration list for PBXNativeTarget "JunctionGuideUITests" */ = {
			isa = XCConfigurationList;
			buildConfigurations = (
				59CE1A55E3C0DC7EDB1A684D /* Debug */,
				003254340176A76C2BC8F6D4 /* Release */,
			);
			defaultConfigurationIsVisible = 0;
			defaultConfigurationName = Release;
		};
		862894B703A6DEDF96A9DD6C /* Build configuration list for PBXProject "JunctionGuide" */ = {
			isa = XCConfigurationList;
			buildConfigurations = (
				89E1FD6268CC0F221A2BE178 /* Debug */,
				E6DE6C99132752C914FEF632 /* Release */,
			);
			defaultConfigurationIsVisible = 0;
			defaultConfigurationName = Release;
		};
		F37922C48DA5978D02C9E50E /* Build configuration list for PBXNativeTarget "JunctionGuide" */ = {
			isa = XCConfigurationList;
			buildConfigurations = (
				E9B2E96ABC5F6856F2BE79CF /* Debug */,
				5A8C91857F674E16E2724F47 /* Release */,
			);
			defaultConfigurationIsVisible = 0;
			defaultConfigurationName = Release;
		};
/* End XCConfigurationList section */
	};
	rootObject = 98F54143AB4E86B28C3AFEE0 /* Project object */;
}
